// !$*UTF8*$!
{
	archiveVersion = 1;
	classes = {
	};
	objectVersion = 50;
	objects = {

/* Begin PBXBuildFile section */
		0B169ADB27B8022A000B52C2 /* AppDelegate.swift in Sources */ = {isa = PBXBuildFile; fileRef = 0B169ADA27B8022A000B52C2 /* AppDelegate.swift */; };
		0B169ADD27B8022A000B52C2 /* SceneDelegate.swift in Sources */ = {isa = PBXBuildFile; fileRef = 0B169ADC27B8022A000B52C2 /* SceneDelegate.swift */; };
		0B169ADF27B8022A000B52C2 /* ViewController.swift in Sources */ = {isa = PBXBuildFile; fileRef = 0B169ADE27B8022A000B52C2 /* ViewController.swift */; };
		0B169AE227B8022A000B52C2 /* Main.storyboard in Resources */ = {isa = PBXBuildFile; fileRef = 0B169AE027B8022A000B52C2 /* Main.storyboard */; };
		0B169AE427B80230000B52C2 /* Assets.xcassets in Resources */ = {isa = PBXBuildFile; fileRef = 0B169AE327B80230000B52C2 /* Assets.xcassets */; };
		0B169AE727B80230000B52C2 /* LaunchScreen.storyboard in Resources */ = {isa = PBXBuildFile; fileRef = 0B169AE527B80230000B52C2 /* LaunchScreen.storyboard */; };
		0B169AF227B80231000B52C2 /* GitDemoTests.swift in Sources */ = {isa = PBXBuildFile; fileRef = 0B169AF127B80231000B52C2 /* GitDemoTests.swift */; };
		0B169AFD27B80231000B52C2 /* GitDemoUITests.swift in Sources */ = {isa = PBXBuildFile; fileRef = 0B169AFC27B80231000B52C2 /* GitDemoUITests.swift */; };
/* End PBXBuildFile section */

/* Begin PBXContainerItemProxy section */
		0B169AEE27B80231000B52C2 /* PBXContainerItemProxy */ = {
			isa = PBXContainerItemProxy;
			containerPortal = 0B169ACF27B8022A000B52C2 /* Project object */;
			proxyType = 1;
			remoteGlobalIDString = 0B169AD627B8022A000B52C2;
			remoteInfo = GitDemo;
		};
		0B169AF927B80231000B52C2 /* PBXContainerItemProxy */ = {
			isa = PBXContainerItemProxy;
			containerPortal = 0B169ACF27B8022A000B52C2 /* Project object */;
			proxyType = 1;
			remoteGlobalIDString = 0B169AD627B8022A000B52C2;
			remoteInfo = GitDemo;
		};
/* End PBXContainerItemProxy section */

/* Begin PBXFileReference section */
		0B169AD727B8022A000B52C2 /* GitDemo.app */ = {isa = PBXFileReference; explicitFileType = wrapper.application; includeInIndex = 0; path = GitDemo.app; sourceTree = BUILT_PRODUCTS_DIR; };
		0B169ADA27B8022A000B52C2 /* AppDelegate.swift */ = {isa = PBXFileReference; lastKnownFileType = sourcecode.swift; path = AppDelegate.swift; sourceTree = "<group>"; };
		0B169ADC27B8022A000B52C2 /* SceneDelegate.swift */ = {isa = PBXFileReference; lastKnownFileType = sourcecode.swift; path = SceneDelegate.swift; sourceTree = "<group>"; };
		0B169ADE27B8022A000B52C2 /* ViewController.swift */ = {isa = PBXFileReference; lastKnownFileType = sourcecode.swift; path = ViewController.swift; sourceTree = "<group>"; };
		0B169AE127B8022A000B52C2 /* Base */ = {isa = PBXFileReference; lastKnownFileType = file.storyboard; name = Base; path = Base.lproj/Main.storyboard; sourceTree = "<group>"; };
		0B169AE327B80230000B52C2 /* Assets.xcassets */ = {isa = PBXFileReference; lastKnownFileType = folder.assetcatalog; path = Assets.xcassets; sourceTree = "<group>"; };
		0B169AE627B80230000B52C2 /* Base */ = {isa = PBXFileReference; lastKnownFileType = file.storyboard; name = Base; path = Base.lproj/LaunchScreen.storyboard; sourceTree = "<group>"; };
		0B169AE827B80230000B52C2 /* Info.plist */ = {isa = PBXFileReference; lastKnownFileType = text.plist.xml; path = Info.plist; sourceTree = "<group>"; };
		0B169AED27B80231000B52C2 /* GitDemoTests.xctest */ = {isa = PBXFileReference; explicitFileType = wrapper.cfbundle; includeInIndex = 0; path = GitDemoTests.xctest; sourceTree = BUILT_PRODUCTS_DIR; };
		0B169AF127B80231000B52C2 /* GitDemoTests.swift */ = {isa = PBXFileReference; lastKnownFileType = sourcecode.swift; path = GitDemoTests.swift; sourceTree = "<group>"; };
		0B169AF327B80231000B52C2 /* Info.plist */ = {isa = PBXFileReference; lastKnownFileType = text.plist.xml; path = Info.plist; sourceTree = "<group>"; };
		0B169AF827B80231000B52C2 /* GitDemoUITests.xctest */ = {isa = PBXFileReference; explicitFileType = wrapper.cfbundle; includeInIndex = 0; path = GitDemoUITests.xctest; sourceTree = BUILT_PRODUCTS_DIR; };
		0B169AFC27B80231000B52C2 /* GitDemoUITests.swift */ = {isa = PBXFileReference; lastKnownFileType = sourcecode.swift; path = GitDemoUITests.swift; sourceTree = "<group>"; };
		0B169AFE27B80231000B52C2 /* Info.plist */ = {isa = PBXFileReference; lastKnownFileType = text.plist.xml; path = Info.plist; sourceTree = "<group>"; };
/* End PBXFileReference section */

/* Begin PBXFrameworksBuildPhase section */
		0B169AD427B8022A000B52C2 /* Frameworks */ = {
			isa = PBXFrameworksBuildPhase;
			buildActionMask = 2147483647;
			files = (
			);
			runOnlyForDeploymentPostprocessing = 0;
		};
		0B169AEA27B80231000B52C2 /* Frameworks */ = {
			isa = PBXFrameworksBuildPhase;
			buildActionMask = 2147483647;
			files = (
			);
			runOnlyForDeploymentPostprocessing = 0;
		};
		0B169AF527B80231000B52C2 /* Frameworks */ = {
			isa = PBXFrameworksBuildPhase;
			buildActionMask = 2147483647;
			files = (
			);
			runOnlyForDeploymentPostprocessing = 0;
		};
/* End PBXFrameworksBuildPhase section */

/* Begin PBXGroup section */
		0B169ACE27B8022A000B52C2 = {
			isa = PBXGroup;
			children = (
				0B169AD927B8022A000B52C2 /* GitDemo */,
				0B169AF027B80231000B52C2 /* GitDemoTests */,
				0B169AFB27B80231000B52C2 /* GitDemoUITests */,
				0B169AD827B8022A000B52C2 /* Products */,
			);
			sourceTree = "<group>";
		};
		0B169AD827B8022A000B52C2 /* Products */ = {
			isa = PBXGroup;
			children = (
				0B169AD727B8022A000B52C2 /* GitDemo.app */,
				0B169AED27B80231000B52C2 /* GitDemoTests.xctest */,
				0B169AF827B80231000B52C2 /* GitDemoUITests.xctest */,
			);
			name = Products;
			sourceTree = "<group>";
		};
		0B169AD927B8022A000B52C2 /* GitDemo */ = {
			isa = PBXGroup;
			children = (
				0B169ADA27B8022A000B52C2 /* AppDelegate.swift */,
				0B169ADC27B8022A000B52C2 /* SceneDelegate.swift */,
				0B169ADE27B8022A000B52C2 /* ViewController.swift */,
				0B169AE027B8022A000B52C2 /* Main.storyboard */,
				0B169AE327B80230000B52C2 /* Assets.xcassets */,
				0B169AE527B80230000B52C2 /* LaunchScreen.storyboard */,
				0B169AE827B80230000B52C2 /* Info.plist */,
			);
			path = GitDemo;
			sourceTree = "<group>";
		};
		0B169AF027B80231000B52C2 /* GitDemoTests */ = {
			isa = PBXGroup;
			children = (
				0B169AF127B80231000B52C2 /* GitDemoTests.swift */,
				0B169AF327B80231000B52C2 /* Info.plist */,
			);
			path = GitDemoTests;
			sourceTree = "<group>";
		};
		0B169AFB27B80231000B52C2 /* GitDemoUITests */ = {
			isa = PBXGroup;
			children = (
				0B169AFC27B80231000B52C2 /* GitDemoUITests.swift */,
				0B169AFE27B80231000B52C2 /* Info.plist */,
			);
			path = GitDemoUITests;
			sourceTree = "<group>";
		};
/* End PBXGroup section */

/* Begin PBXNativeTarget section */
		0B169AD627B8022A000B52C2 /* GitDemo */ = {
			isa = PBXNativeTarget;
			buildConfigurationList = 0B169B0127B80231000B52C2 /* Build configuration list for PBXNativeTarget "GitDemo" */;
			buildPhases = (
				0B169AD327B8022A000B52C2 /* Sources */,
				0B169AD427B8022A000B52C2 /* Frameworks */,
				0B169AD527B8022A000B52C2 /* Resources */,
			);
			buildRules = (
			);
			dependencies = (
			);
			name = GitDemo;
			productName = GitDemo;
			productReference = 0B169AD727B8022A000B52C2 /* GitDemo.app */;
			productType = "com.apple.product-type.application";
		};
		0B169AEC27B80231000B52C2 /* GitDemoTests */ = {
			isa = PBXNativeTarget;
			buildConfigurationList = 0B169B0427B80231000B52C2 /* Build configuration list for PBXNativeTarget "GitDemoTests" */;
			buildPhases = (
				0B169AE927B80231000B52C2 /* Sources */,
				0B169AEA27B80231000B52C2 /* Frameworks */,
				0B169AEB27B80231000B52C2 /* Resources */,
			);
			buildRules = (
			);
			dependencies = (
				0B169AEF27B80231000B52C2 /* PBXTargetDependency */,
			);
			name = GitDemoTests;
			productName = GitDemoTests;
			productReference = 0B169AED27B80231000B52C2 /* GitDemoTests.xctest */;
			productType = "com.apple.product-type.bundle.unit-test";
		};
		0B169AF727B80231000B52C2 /* GitDemoUITests */ = {
			isa = PBXNativeTarget;
			buildConfigurationList = 0B169B0727B80231000B52C2 /* Build configuration list for PBXNativeTarget "GitDemoUITests" */;
			buildPhases = (
				0B169AF427B80231000B52C2 /* Sources */,
				0B169AF527B80231000B52C2 /* Frameworks */,
				0B169AF627B80231000B52C2 /* Resources */,
			);
			buildRules = (
			);
			dependencies = (
				0B169AFA27B80231000B52C2 /* PBXTargetDependency */,
			);
			name = GitDemoUITests;
			productName = GitDemoUITests;
			productReference = 0B169AF827B80231000B52C2 /* GitDemoUITests.xctest */;
			productType = "com.apple.product-type.bundle.ui-testing";
		};
/* End PBXNativeTarget section */

/* Begin PBXProject section */
		0B169ACF27B8022A000B52C2 /* Project object */ = {
			isa = PBXProject;
			attributes = {
				LastSwiftUpdateCheck = 1200;
				LastUpgradeCheck = 1200;
				TargetAttributes = {
					0B169AD627B8022A000B52C2 = {
						CreatedOnToolsVersion = 12.0.1;
					};
					0B169AEC27B80231000B52C2 = {
						CreatedOnToolsVersion = 12.0.1;
						TestTargetID = 0B169AD627B8022A000B52C2;
					};
					0B169AF727B80231000B52C2 = {
						CreatedOnToolsVersion = 12.0.1;
						TestTargetID = 0B169AD627B8022A000B52C2;
					};
				};
			};
			buildConfigurationList = 0B169AD227B8022A000B52C2 /* Build configuration list for PBXProject "GitDemo" */;
			compatibilityVersion = "Xcode 9.3";
			developmentRegion = en;
			hasScannedForEncodings = 0;
			knownRegions = (
				en,
				Base,
			);
			mainGroup = 0B169ACE27B8022A000B52C2;
			productRefGroup = 0B169AD827B8022A000B52C2 /* Products */;
			projectDirPath = "";
			projectRoot = "";
			targets = (
				0B169AD627B8022A000B52C2 /* GitDemo */,
				0B169AEC27B80231000B52C2 /* GitDemoTests */,
				0B169AF727B80231000B52C2 /* GitDemoUITests */,
			);
		};
/* End PBXProject section */

/* Begin PBXResourcesBuildPhase section */
		0B169AD527B8022A000B52C2 /* Resources */ = {
			isa = PBXResourcesBuildPhase;
			buildActionMask = 2147483647;
			files = (
				0B169AE727B80230000B52C2 /* LaunchScreen.storyboard in Resources */,
				0B169AE427B80230000B52C2 /* Assets.xcassets in Resources */,
				0B169AE227B8022A000B52C2 /* Main.storyboard in Resources */,
			);
			runOnlyForDeploymentPostprocessing = 0;
		};
		0B169AEB27B80231000B52C2 /* Resources */ = {
			isa = PBXResourcesBuildPhase;
			buildActionMask = 2147483647;
			files = (
			);
			runOnlyForDeploymentPostprocessing = 0;
		};
		0B169AF627B80231000B52C2 /* Resources */ = {
			isa = PBXResourcesBuildPhase;
			buildActionMask = 2147483647;
			files = (
			);
			runOnlyForDeploymentPostprocessing = 0;
		};
/* End PBXResourcesBuildPhase section */

/* Begin PBXSourcesBuildPhase section */
		0B169AD327B8022A000B52C2 /* Sources */ = {
			isa = PBXSourcesBuildPhase;
			buildActionMask = 2147483647;
			files = (
				0B169ADF27B8022A000B52C2 /* ViewController.swift in Sources */,
				0B169ADB27B8022A000B52C2 /* AppDelegate.swift in Sources */,
				0B169ADD27B8022A000B52C2 /* SceneDelegate.swift in Sources */,
			);
			runOnlyForDeploymentPostprocessing = 0;
		};
		0B169AE927B80231000B52C2 /* Sources */ = {
			isa = PBXSourcesBuildPhase;
			buildActionMask = 2147483647;
			files = (
				0B169AF227B80231000B52C2 /* GitDemoTests.swift in Sources */,
			);
			runOnlyForDeploymentPostprocessing = 0;
		};
		0B169AF427B80231000B52C2 /* Sources */ = {
			isa = PBXSourcesBuildPhase;
			buildActionMask = 2147483647;
			files = (
				0B169AFD27B80231000B52C2 /* GitDemoUITests.swift in Sources */,
			);
			runOnlyForDeploymentPostprocessing = 0;
		};
/* End PBXSourcesBuildPhase section */

/* Begin PBXTargetDependency section */
		0B169AEF27B80231000B52C2 /* PBXTargetDependency */ = {
			isa = PBXTargetDependency;
			target = 0B169AD627B8022A000B52C2 /* GitDemo */;
			targetProxy = 0B169AEE27B80231000B52C2 /* PBXContainerItemProxy */;
		};
		0B169AFA27B80231000B52C2 /* PBXTargetDependency */ = {
			isa = PBXTargetDependency;
			target = 0B169AD627B8022A000B52C2 /* GitDemo */;
			targetProxy = 0B169AF927B80231000B52C2 /* PBXContainerItemProxy */;
		};
/* End PBXTargetDependency section */

/* Begin PBXVariantGroup section */
		0B169AE027B8022A000B52C2 /* Main.storyboard */ = {
			isa = PBXVariantGroup;
			children = (
				0B169AE127B8022A000B52C2 /* Base */,
			);
			name = Main.storyboard;
			sourceTree = "<group>";
		};
		0B169AE527B80230000B52C2 /* LaunchScreen.storyboard */ = {
			isa = PBXVariantGroup;
			children = (
				0B169AE627B80230000B52C2 /* Base */,
			);
			name = LaunchScreen.storyboard;
			sourceTree = "<group>";
		};
/* End PBXVariantGroup section */

/* Begin XCBuildConfiguration section */
		0B169AFF27B80231000B52C2 /* Debug */ = {
			isa = XCBuildConfiguration;
			buildSettings = {
				ALWAYS_SEARCH_USER_PATHS = NO;
				CLANG_ANALYZER_NONNULL = YES;
				CLANG_ANALYZER_NUMBER_OBJECT_CONVERSION = YES_AGGRESSIVE;
				CLANG_CXX_LANGUAGE_STANDARD = "gnu++14";
				CLANG_CXX_LIBRARY = "libc++";
				CLANG_ENABLE_MODULES = YES;
				CLANG_ENABLE_OBJC_ARC = YES;
				CLANG_ENABLE_OBJC_WEAK = YES;
				CLANG_WARN_BLOCK_CAPTURE_AUTORELEASING = YES;
				CLANG_WARN_BOOL_CONVERSION = YES;
				CLANG_WARN_COMMA = YES;
				CLANG_WARN_CONSTANT_CONVERSION = YES;
				CLANG_WARN_DEPRECATED_OBJC_IMPLEMENTATIONS = YES;
				CLANG_WARN_DIRECT_OBJC_ISA_USAGE = YES_ERROR;
				CLANG_WARN_DOCUMENTATION_COMMENTS = YES;
				CLANG_WARN_EMPTY_BODY = YES;
				CLANG_WARN_ENUM_CONVERSION = YES;
				CLANG_WARN_INFINITE_RECURSION = YES;
				CLANG_WARN_INT_CONVERSION = YES;
				CLANG_WARN_NON_LITERAL_NULL_CONVERSION = YES;
				CLANG_WARN_OBJC_IMPLICIT_RETAIN_SELF = YES;
				CLANG_WARN_OBJC_LITERAL_CONVERSION = YES;
				CLANG_WARN_OBJC_ROOT_CLASS = YES_ERROR;
				CLANG_WARN_QUOTED_INCLUDE_IN_FRAMEWORK_HEADER = YES;
				CLANG_WARN_RANGE_LOOP_ANALYSIS = YES;
				CLANG_WARN_STRICT_PROTOTYPES = YES;
				CLANG_WARN_SUSPICIOUS_MOVE = YES;
				CLANG_WARN_UNGUARDED_AVAILABILITY = YES_AGGRESSIVE;
				CLANG_WARN_UNREACHABLE_CODE = YES;
				CLANG_WARN__DUPLICATE_METHOD_MATCH = YES;
				COPY_PHASE_STRIP = NO;
				DEBUG_INFORMATION_FORMAT = dwarf;
				ENABLE_STRICT_OBJC_MSGSEND = YES;
				ENABLE_TESTABILITY = YES;
				GCC_C_LANGUAGE_STANDARD = gnu11;
				GCC_DYNAMIC_NO_PIC = NO;
				GCC_NO_COMMON_BLOCKS = YES;
				GCC_OPTIMIZATION_LEVEL = 0;
				GCC_PREPROCESSOR_DEFINITIONS = (
					"DEBUG=1",
					"$(inherited)",
				);
				GCC_WARN_64_TO_32_BIT_CONVERSION = YES;
				GCC_WARN_ABOUT_RETURN_TYPE = YES_ERROR;
				GCC_WARN_UNDECLARED_SELECTOR = YES;
				GCC_WARN_UNINITIALIZED_AUTOS = YES_AGGRESSIVE;
				GCC_WARN_UNUSED_FUNCTION = YES;
				GCC_WARN_UNUSED_VARIABLE = YES;
				IPHONEOS_DEPLOYMENT_TARGET = 14.0;
				MTL_ENABLE_DEBUG_INFO = INCLUDE_SOURCE;
				MTL_FAST_MATH = YES;
				ONLY_ACTIVE_ARCH = YES;
				SDKROOT = iphoneos;
				SWIFT_ACTIVE_COMPILATION_CONDITIONS = DEBUG;
				SWIFT_OPTIMIZATION_LEVEL = "-Onone";
			};
			name = Debug;
		};
		0B169B0027B80231000B52C2 /* Release */ = {
			isa = XCBuildConfiguration;
			buildSettings = {
				ALWAYS_SEARCH_USER_PATHS = NO;
				CLANG_ANALYZER_NONNULL = YES;
				CLANG_ANALYZER_NUMBER_OBJECT_CONVERSION = YES_AGGRESSIVE;
				CLANG_CXX_LANGUAGE_STANDARD = "gnu++14";
				CLANG_CXX_LIBRARY = "libc++";
				CLANG_ENABLE_MODULES = YES;
				CLANG_ENABLE_OBJC_ARC = YES;
				CLANG_ENABLE_OBJC_WEAK = YES;
				CLANG_WARN_BLOCK_CAPTURE_AUTORELEASING = YES;
				CLANG_WARN_BOOL_CONVERSION = YES;
				CLANG_WARN_COMMA = YES;
				CLANG_WARN_CONSTANT_CONVERSION = YES;
				CLANG_WARN_DEPRECATED_OBJC_IMPLEMENTATIONS = YES;
				CLANG_WARN_DIRECT_OBJC_ISA_USAGE = YES_ERROR;
				CLANG_WARN_DOCUMENTATION_COMMENTS = YES;
				CLANG_WARN_EMPTY_BODY = YES;
				CLANG_WARN_ENUM_CONVERSION = YES;
				CLANG_WARN_INFINITE_RECURSION = YES;
				CLANG_WARN_INT_CONVERSION = YES;
				CLANG_WARN_NON_LITERAL_NULL_CONVERSION = YES;
				CLANG_WARN_OBJC_IMPLICIT_RETAIN_SELF = YES;
				CLANG_WARN_OBJC_LITERAL_CONVERSION = YES;
				CLANG_WARN_OBJC_ROOT_CLASS = YES_ERROR;
				CLANG_WARN_QUOTED_INCLUDE_IN_FRAMEWORK_HEADER = YES;
				CLANG_WARN_RANGE_LOOP_ANALYSIS = YES;
				CLANG_WARN_STRICT_PROTOTYPES = YES;
				CLANG_WARN_SUSPICIOUS_MOVE = YES;
				CLANG_WARN_UNGUARDED_AVAILABILITY = YES_AGGRESSIVE;
				CLANG_WARN_UNREACHABLE_CODE = YES;
				CLANG_WARN__DUPLICATE_METHOD_MATCH = YES;
				COPY_PHASE_STRIP = NO;
				DEBUG_INFORMATION_FORMAT = "dwarf-with-dsym";
				ENABLE_NS_ASSERTIONS = NO;
				ENABLE_STRICT_OBJC_MSGSEND = YES;
				GCC_C_LANGUAGE_STANDARD = gnu11;
				GCC_NO_COMMON_BLOCKS = YES;
				GCC_WARN_64_TO_32_BIT_CONVERSION = YES;
				GCC_WARN_ABOUT_RETURN_TYPE = YES_ERROR;
				GCC_WARN_UNDECLARED_SELECTOR = YES;
				GCC_WARN_UNINITIALIZED_AUTOS = YES_AGGRESSIVE;
				GCC_WARN_UNUSED_FUNCTION = YES;
				GCC_WARN_UNUSED_VARIABLE = YES;
				IPHONEOS_DEPLOYMENT_TARGET = 14.0;
				MTL_ENABLE_DEBUG_INFO = NO;
				MTL_FAST_MATH = YES;
				SDKROOT = iphoneos;
				SWIFT_COMPILATION_MODE = wholemodule;
				SWIFT_OPTIMIZATION_LEVEL = "-O";
				VALIDATE_PRODUCT = YES;
			};
			name = Release;
		};
		0B169B0227B80231000B52C2 /* Debug */ = {
			isa = XCBuildConfiguration;
			buildSettings = {
				ASSETCATALOG_COMPILER_APPICON_NAME = AppIcon;
				ASSETCATALOG_COMPILER_GLOBAL_ACCENT_COLOR_NAME = AccentColor;
				CODE_SIGN_STYLE = Automatic;
				DEVELOPMENT_TEAM = CJJMHT57W6;
				INFOPLIST_FILE = GitDemo/Info.plist;
				LD_RUNPATH_SEARCH_PATHS = (
					"$(inherited)",
					"@executable_path/Frameworks",
				);
				PRODUCT_BUNDLE_IDENTIFIER = Viola.GitDemo;
				PRODUCT_NAME = "$(TARGET_NAME)";
				SWIFT_VERSION = 5.0;
				TARGETED_DEVICE_FAMILY = "1,2";
			};
			name = Debug;
		};
		0B169B0327B80231000B52C2 /* Release */ = {
			isa = XCBuildConfiguration;
			buildSettings = {
				ASSETCATALOG_COMPILER_APPICON_NAME = AppIcon;
				ASSETCATALOG_COMPILER_GLOBAL_ACCENT_COLOR_NAME = AccentColor;
				CODE_SIGN_STYLE = Automatic;
				DEVELOPMENT_TEAM = CJJMHT57W6;
				INFOPLIST_FILE = GitDemo/Info.plist;
				LD_RUNPATH_SEARCH_PATHS = (
					"$(inherited)",
					"@executable_path/Frameworks",
				);
				PRODUCT_BUNDLE_IDENTIFIER = Viola.GitDemo;
				PRODUCT_NAME = "$(TARGET_NAME)";
				SWIFT_VERSION = 5.0;
				TARGETED_DEVICE_FAMILY = "1,2";
			};
			name = Release;
		};
		0B169B0527B80231000B52C2 /* Debug */ = {
			isa = XCBuildConfiguration;
			buildSettings = {
				ALWAYS_EMBED_SWIFT_STANDARD_LIBRARIES = YES;
				BUNDLE_LOADER = "$(TEST_HOST)";
				CODE_SIGN_STYLE = Automatic;
				DEVELOPMENT_TEAM = CJJMHT57W6;
				INFOPLIST_FILE = GitDemoTests/Info.plist;
				IPHONEOS_DEPLOYMENT_TARGET = 14.0;
				LD_RUNPATH_SEARCH_PATHS = (
					"$(inherited)",
					"@executable_path/Frameworks",
					"@loader_path/Frameworks",
				);
				PRODUCT_BUNDLE_IDENTIFIER = Viola.GitDemoTests;
				PRODUCT_NAME = "$(TARGET_NAME)";
				SWIFT_VERSION = 5.0;
				TARGETED_DEVICE_FAMILY = "1,2";
				TEST_HOST = "$(BUILT_PRODUCTS_DIR)/GitDemo.app/GitDemo";
			};
			name = Debug;
		};
		0B169B0627B80231000B52C2 /* Release */ = {
			isa = XCBuildConfiguration;
			buildSettings = {
				ALWAYS_EMBED_SWIFT_STANDARD_LIBRARIES = YES;
				BUNDLE_LOADER = "$(TEST_HOST)";
				CODE_SIGN_STYLE = Automatic;
				DEVELOPMENT_TEAM = CJJMHT57W6;
				INFOPLIST_FILE = GitDemoTests/Info.plist;
				IPHONEOS_DEPLOYMENT_TARGET = 14.0;
				LD_RUNPATH_SEARCH_PATHS = (
					"$(inherited)",
					"@executable_path/Frameworks",
					"@loader_path/Frameworks",
				);
				PRODUCT_BUNDLE_IDENTIFIER = Viola.GitDemoTests;
				PRODUCT_NAME = "$(TARGET_NAME)";
				SWIFT_VERSION = 5.0;
				TARGETED_DEVICE_FAMILY = "1,2";
				TEST_HOST = "$(BUILT_PRODUCTS_DIR)/GitDemo.app/GitDemo";
			};
			name = Release;
		};
		0B169B0827B80231000B52C2 /* Debug */ = {
			isa = XCBuildConfiguration;
			buildSettings = {
				ALWAYS_EMBED_SWIFT_STANDARD_LIBRARIES = YES;
				CODE_SIGN_STYLE = Automatic;
				DEVELOPMENT_TEAM = CJJMHT57W6;
				INFOPLIST_FILE = GitDemoUITests/Info.plist;
				LD_RUNPATH_SEARCH_PATHS = (
					"$(inherited)",
					"@executable_path/Frameworks",
					"@loader_path/Frameworks",
				);
				PRODUCT_BUNDLE_IDENTIFIER = Viola.GitDemoUITests;
				PRODUCT_NAME = "$(TARGET_NAME)";
				SWIFT_VERSION = 5.0;
				TARGETED_DEVICE_FAMILY = "1,2";
				TEST_TARGET_NAME = GitDemo;
			};
			name = Debug;
		};
		0B169B0927B80231000B52C2 /* Release */ = {
			isa = XCBuildConfiguration;
			buildSettings = {
				ALWAYS_EMBED_SWIFT_STANDARD_LIBRARIES = YES;
				CODE_SIGN_STYLE = Automatic;
				DEVELOPMENT_TEAM = CJJMHT57W6;
				INFOPLIST_FILE = GitDemoUITests/Info.plist;
				LD_RUNPATH_SEARCH_PATHS = (
					"$(inherited)",
					"@executable_path/Frameworks",
					"@loader_path/Frameworks",
				);
				PRODUCT_BUNDLE_IDENTIFIER = Viola.GitDemoUITests;
				PRODUCT_NAME = "$(TARGET_NAME)";
				SWIFT_VERSION = 5.0;
				TARGETED_DEVICE_FAMILY = "1,2";
				TEST_TARGET_NAME = GitDemo;
			};
			name = Release;
		};
/* End XCBuildConfiguration section */

/* Begin XCConfigurationList section */
		0B169AD227B8022A000B52C2 /* Build configuration list for PBXProject "GitDemo" */ = {
			isa = XCConfigurationList;
			buildConfigurations = (
				0B169AFF27B80231000B52C2 /* Debug */,
				0B169B0027B80231000B52C2 /* Release */,
			);
			defaultConfigurationIsVisible = 0;
			defaultConfigurationName = Release;
		};
		0B169B0127B80231000B52C2 /* Build configuration list for PBXNativeTarget "GitDemo" */ = {
			isa = XCConfigurationList;
			buildConfigurations = (
				0B169B0227B80231000B52C2 /* Debug */,
				0B169B0327B80231000B52C2 /* Release */,
			);
			defaultConfigurationIsVisible = 0;
			defaultConfigurationName = Release;
		};
		0B169B0427B80231000B52C2 /* Build configuration list for PBXNativeTarget "GitDemoTests" */ = {
			isa = XCConfigurationList;
			buildConfigurations = (
				0B169B0527B80231000B52C2 /* Debug */,
				0B169B0627B80231000B52C2 /* Release */,
			);
			defaultConfigurationIsVisible = 0;
			defaultConfigurationName = Release;
		};
		0B169B0727B80231000B52C2 /* Build configuration list for PBXNativeTarget "GitDemoUITests" */ = {
			isa = XCConfigurationList;
			buildConfigurations = (
				0B169B0827B80231000B52C2 /* Debug */,
				0B169B0927B80231000B52C2 /* Release */,
			);
			defaultConfigurationIsVisible = 0;
			defaultConfigurationName = Release;
		};
/* End XCConfigurationList section */
	};
	rootObject = 0B169ACF27B8022A000B52C2 /* Project object */;
}
